// !$*UTF8*$!
{
	archiveVersion = 1;
	classes = {
	};
	objectVersion = 46;
	objects = {

/* Begin PBXBuildFile section */
		7E33117D11732F0D00DC72B5 /* Frame.cpp in Sources */ = {isa = PBXBuildFile; fileRef = 7E33117C11732F0D00DC72B5 /* Frame.cpp */; };
		7E33123A117356BA00DC72B5 /* Function.cpp in Sources */ = {isa = PBXBuildFile; fileRef = 7E331239117356BA00DC72B5 /* Function.cpp */; };
		7E33136E1174388400DC72B5 /* Exception.cpp in Sources */ = {isa = PBXBuildFile; fileRef = 7E33136D1174388400DC72B5 /* Exception.cpp */; };
		7E3EA3F8117F17FB00F6C40B /* Terminal.cpp in Sources */ = {isa = PBXBuildFile; fileRef = 7E3EA3F7117F17FB00F6C40B /* Terminal.cpp */; };
		7E3EA3FB117F189A00F6C40B /* SourceCode.cpp in Sources */ = {isa = PBXBuildFile; fileRef = 7E3EA3FA117F189A00F6C40B /* SourceCode.cpp */; };
		7E3EA40C117F1A4400F6C40B /* Kai.cpp in Sources */ = {isa = PBXBuildFile; fileRef = 7E3EA40B117F1A4400F6C40B /* Kai.cpp */; };
		7E3EA43B117F1C7800F6C40B /* Ensure.cpp in Sources */ = {isa = PBXBuildFile; fileRef = 7E3EA43A117F1C7800F6C40B /* Ensure.cpp */; };
		7E43E3EA14AA97E700CF7D30 /* Object.cpp in Sources */ = {isa = PBXBuildFile; fileRef = 7E43E3E914AA97E700CF7D30 /* Object.cpp */; };
		7E43E3EE14AAA5AF00CF7D30 /* Symbol.cpp in Sources */ = {isa = PBXBuildFile; fileRef = 7E43E3ED14AAA5AF00CF7D30 /* Symbol.cpp */; };
		7E43E3F214AABDC800CF7D30 /* Cell.cpp in Sources */ = {isa = PBXBuildFile; fileRef = 7E43E3F114AABDC800CF7D30 /* Cell.cpp */; };
		7E43E3F514ABD64900CF7D30 /* Collector.cpp in Sources */ = {isa = PBXBuildFile; fileRef = 7E43E3F414ABD64900CF7D30 /* Collector.cpp */; };
		7E43E3F814ABF08B00CF7D30 /* ManagedObject.cpp in Sources */ = {isa = PBXBuildFile; fileRef = 7E43E3F714ABF08B00CF7D30 /* ManagedObject.cpp */; };
		7E43E3FB14ABFD3F00CF7D30 /* String.cpp in Sources */ = {isa = PBXBuildFile; fileRef = 7E43E3FA14ABFD3E00CF7D30 /* String.cpp */; };
		7E4F5754149A1F4100A6DB0C /* Integer.cpp in Sources */ = {isa = PBXBuildFile; fileRef = 7E4F5752149A1F4100A6DB0C /* Integer.cpp */; };
		7E4F5758149A221000A6DB0C /* Logic.cpp in Sources */ = {isa = PBXBuildFile; fileRef = 7E4F5757149A221000A6DB0C /* Logic.cpp */; };
		7E4F575B149A2DBB00A6DB0C /* Table.cpp in Sources */ = {isa = PBXBuildFile; fileRef = 7E4F575A149A2DBA00A6DB0C /* Table.cpp */; };
		7E4F575E149A2F1900A6DB0C /* Number.cpp in Sources */ = {isa = PBXBuildFile; fileRef = 7E4F575D149A2F1900A6DB0C /* Number.cpp */; };
		7E4F5774149E137000A6DB0C /* Number.cpp in Sources */ = {isa = PBXBuildFile; fileRef = 7E4F5773149E137000A6DB0C /* Number.cpp */; };
		7E5405A311ED517A00F8898D /* Parser.cpp in Sources */ = {isa = PBXBuildFile; fileRef = 7E4A1F9411CA26520066C220 /* Parser.cpp */; };
		7E5B6335148D7E9100027AF5 /* Reference.cpp in Sources */ = {isa = PBXBuildFile; fileRef = 7E5B6334148D7E9100027AF5 /* Reference.cpp */; };
		7E5B6365148E4D8D00027AF5 /* Unicode.cpp in Sources */ = {isa = PBXBuildFile; fileRef = 7E5B635D148E4D8D00027AF5 /* Unicode.cpp */; };
		7E5B639F14962F0E00027AF5 /* ObjectAllocator.cpp in Sources */ = {isa = PBXBuildFile; fileRef = 7E5B639D14962F0E00027AF5 /* ObjectAllocator.cpp */; };
		7E8799C911A4CDC800051ED4 /* Token.cpp in Sources */ = {isa = PBXBuildFile; fileRef = 7E8799C611A4CDC800051ED4 /* Token.cpp */; };
		7EA6584B129F59F2008ED798 /* System.cpp in Sources */ = {isa = PBXBuildFile; fileRef = 7EA6584A129F59F2008ED798 /* System.cpp */; };
		7EA658D712A4A36A008ED798 /* lib in CopyFiles */ = {isa = PBXBuildFile; fileRef = 7EA658C112A4A268008ED798 /* lib */; };
		7EBE565111F09DC2006C2044 /* Strings.cpp in Sources */ = {isa = PBXBuildFile; fileRef = 7EBE565011F09DC2006C2044 /* Strings.cpp */; };
		7EC49DEF129E75CA006F7B90 /* Array.cpp in Sources */ = {isa = PBXBuildFile; fileRef = 7EA9758012483FD20041AAB3 /* Array.cpp */; };
		7EC7BDEC123A9BAA0018AEA2 /* Expressions.cpp in Sources */ = {isa = PBXBuildFile; fileRef = 7EC7BDEB123A9BAA0018AEA2 /* Expressions.cpp */; };
		7EF90031143143A40060A94D /* Lambda.cpp in Sources */ = {isa = PBXBuildFile; fileRef = 7EF90030143143A40060A94D /* Lambda.cpp */; };
		8DD76FAC0486AB0100D96B5E /* main.cpp in Sources */ = {isa = PBXBuildFile; fileRef = 08FB7796FE84155DC02AAC07 /* main.cpp */; settings = {ATTRIBUTES = (); }; };
		8DD76FB00486AB0100D96B5E /* Kai.1 in CopyFiles */ = {isa = PBXBuildFile; fileRef = C6A0FF2C0290799A04C91782 /* Kai.1 */; };
/* End PBXBuildFile section */

/* Begin PBXBuildRule section */
		7E330B46116B1A2B00DC72B5 /* PBXBuildRule */ = {
			isa = PBXBuildRule;
			compilerSpec = com.apple.compilers.proxy.script;
			filePatterns = "*.rl";
			fileType = pattern.proxy;
			isEditable = 1;
			outputFiles = (
				"$(DERIVED_FILES_DIR)/$(INPUT_FILE_BASE).c",
			);
			script = "/usr/local/bin/ragel $(INPUT_FILE_BASE).rl -G2 -o $(DERIVED_FILES_DIR)/$(INPUT_FILE_BASE).cpp\n/usr/local/bin/ragel $(INPUT_FILE_BASE).rl -V -o $(DERIVED_FILES_DIR)/$(INPUT_FILE_BASE).dot";
		};
/* End PBXBuildRule section */

/* Begin PBXCopyFilesBuildPhase section */
		7EA658DA12A4A39D008ED798 /* CopyFiles */ = {
			isa = PBXCopyFilesBuildPhase;
			buildActionMask = 2147483647;
			dstPath = "";
			dstSubfolderSpec = 7;
			files = (
				7EA658D712A4A36A008ED798 /* lib in CopyFiles */,
			);
			runOnlyForDeploymentPostprocessing = 0;
		};
		8DD76FAF0486AB0100D96B5E /* CopyFiles */ = {
			isa = PBXCopyFilesBuildPhase;
			buildActionMask = 8;
			dstPath = /usr/share/man/man1/;
			dstSubfolderSpec = 0;
			files = (
				8DD76FB00486AB0100D96B5E /* Kai.1 in CopyFiles */,
			);
			runOnlyForDeploymentPostprocessing = 1;
		};
/* End PBXCopyFilesBuildPhase section */

/* Begin PBXFileReference section */
		08FB7796FE84155DC02AAC07 /* main.cpp */ = {isa = PBXFileReference; fileEncoding = 4; lastKnownFileType = sourcecode.cpp.cpp; path = main.cpp; sourceTree = "<group>"; };
		7E0E770311E8A67B00A568DA /* notes.txt */ = {isa = PBXFileReference; fileEncoding = 4; lastKnownFileType = text; path = notes.txt; sourceTree = "<group>"; };
		7E0E777411EAAE7F00A568DA /* base.xcconfig */ = {isa = PBXFileReference; fileEncoding = 4; lastKnownFileType = text.xcconfig; path = base.xcconfig; sourceTree = "<group>"; };
		7E0E777F11EADB0E00A568DA /* kai.xcconfig */ = {isa = PBXFileReference; fileEncoding = 4; lastKnownFileType = text.xcconfig; path = kai.xcconfig; sourceTree = "<group>"; };
		7E33117B11732F0D00DC72B5 /* Frame.h */ = {isa = PBXFileReference; fileEncoding = 4; lastKnownFileType = sourcecode.c.h; path = Frame.h; sourceTree = "<group>"; };
		7E33117C11732F0D00DC72B5 /* Frame.cpp */ = {isa = PBXFileReference; fileEncoding = 4; lastKnownFileType = sourcecode.cpp.cpp; path = Frame.cpp; sourceTree = "<group>"; };
		7E331238117356BA00DC72B5 /* Function.h */ = {isa = PBXFileReference; fileEncoding = 4; lastKnownFileType = sourcecode.c.h; path = Function.h; sourceTree = "<group>"; };
		7E331239117356BA00DC72B5 /* Function.cpp */ = {isa = PBXFileReference; fileEncoding = 4; lastKnownFileType = sourcecode.cpp.cpp; path = Function.cpp; sourceTree = "<group>"; };
		7E33136C1174388400DC72B5 /* Exception.h */ = {isa = PBXFileReference; fileEncoding = 4; lastKnownFileType = sourcecode.c.h; path = Exception.h; sourceTree = "<group>"; };
		7E33136D1174388400DC72B5 /* Exception.cpp */ = {isa = PBXFileReference; fileEncoding = 4; lastKnownFileType = sourcecode.cpp.cpp; path = Exception.cpp; sourceTree = "<group>"; };
		7E3EA3F6117F17FB00F6C40B /* Terminal.h */ = {isa = PBXFileReference; fileEncoding = 4; lastKnownFileType = sourcecode.c.h; path = Terminal.h; sourceTree = "<group>"; };
		7E3EA3F7117F17FB00F6C40B /* Terminal.cpp */ = {isa = PBXFileReference; fileEncoding = 4; lastKnownFileType = sourcecode.cpp.cpp; path = Terminal.cpp; sourceTree = "<group>"; };
		7E3EA3F9117F189A00F6C40B /* SourceCode.h */ = {isa = PBXFileReference; fileEncoding = 4; lastKnownFileType = sourcecode.c.h; path = SourceCode.h; sourceTree = "<group>"; };
		7E3EA3FA117F189A00F6C40B /* SourceCode.cpp */ = {isa = PBXFileReference; fileEncoding = 4; lastKnownFileType = sourcecode.cpp.cpp; path = SourceCode.cpp; sourceTree = "<group>"; };
		7E3EA40A117F1A4400F6C40B /* Kai.h */ = {isa = PBXFileReference; fileEncoding = 4; lastKnownFileType = sourcecode.c.h; path = Kai.h; sourceTree = "<group>"; };
		7E3EA40B117F1A4400F6C40B /* Kai.cpp */ = {isa = PBXFileReference; fileEncoding = 4; lastKnownFileType = sourcecode.cpp.cpp; path = Kai.cpp; sourceTree = "<group>"; };
		7E3EA439117F1C7800F6C40B /* Ensure.h */ = {isa = PBXFileReference; fileEncoding = 4; lastKnownFileType = sourcecode.c.h; path = Ensure.h; sourceTree = "<group>"; };
		7E3EA43A117F1C7800F6C40B /* Ensure.cpp */ = {isa = PBXFileReference; fileEncoding = 4; lastKnownFileType = sourcecode.cpp.cpp; path = Ensure.cpp; sourceTree = "<group>"; };
		7E43E3E914AA97E700CF7D30 /* Object.cpp */ = {isa = PBXFileReference; fileEncoding = 4; lastKnownFileType = sourcecode.cpp.cpp; path = Object.cpp; sourceTree = "<group>"; };
		7E43E3EB14AA97F500CF7D30 /* Object.h */ = {isa = PBXFileReference; fileEncoding = 4; lastKnownFileType = sourcecode.c.h; path = Object.h; sourceTree = "<group>"; };
		7E43E3ED14AAA5AF00CF7D30 /* Symbol.cpp */ = {isa = PBXFileReference; fileEncoding = 4; lastKnownFileType = sourcecode.cpp.cpp; path = Symbol.cpp; sourceTree = "<group>"; };
		7E43E3EF14AAA5BB00CF7D30 /* Symbol.h */ = {isa = PBXFileReference; fileEncoding = 4; lastKnownFileType = sourcecode.c.h; path = Symbol.h; sourceTree = "<group>"; };
		7E43E3F014AABDBC00CF7D30 /* Cell.h */ = {isa = PBXFileReference; fileEncoding = 4; lastKnownFileType = sourcecode.c.h; path = Cell.h; sourceTree = "<group>"; };
		7E43E3F114AABDC800CF7D30 /* Cell.cpp */ = {isa = PBXFileReference; fileEncoding = 4; lastKnownFileType = sourcecode.cpp.cpp; path = Cell.cpp; sourceTree = "<group>"; };
		7E43E3F314ABD64000CF7D30 /* Collector.h */ = {isa = PBXFileReference; fileEncoding = 4; lastKnownFileType = sourcecode.c.h; path = Collector.h; sourceTree = "<group>"; };
		7E43E3F414ABD64900CF7D30 /* Collector.cpp */ = {isa = PBXFileReference; fileEncoding = 4; lastKnownFileType = sourcecode.cpp.cpp; path = Collector.cpp; sourceTree = "<group>"; };
		7E43E3F614ABF07E00CF7D30 /* ManagedObject.h */ = {isa = PBXFileReference; fileEncoding = 4; lastKnownFileType = sourcecode.c.h; path = ManagedObject.h; sourceTree = "<group>"; };
		7E43E3F714ABF08B00CF7D30 /* ManagedObject.cpp */ = {isa = PBXFileReference; fileEncoding = 4; lastKnownFileType = sourcecode.cpp.cpp; path = ManagedObject.cpp; sourceTree = "<group>"; };
		7E43E3F914ABFD3000CF7D30 /* String.h */ = {isa = PBXFileReference; fileEncoding = 4; lastKnownFileType = sourcecode.c.h; path = String.h; sourceTree = "<group>"; };
		7E43E3FA14ABFD3E00CF7D30 /* String.cpp */ = {isa = PBXFileReference; fileEncoding = 4; lastKnownFileType = sourcecode.cpp.cpp; path = String.cpp; sourceTree = "<group>"; };
		7E4A1F9411CA26520066C220 /* Parser.cpp */ = {isa = PBXFileReference; fileEncoding = 4; lastKnownFileType = sourcecode.cpp.cpp; path = Parser.cpp; sourceTree = "<group>"; };
		7E4F5752149A1F4100A6DB0C /* Integer.cpp */ = {isa = PBXFileReference; fileEncoding = 4; lastKnownFileType = sourcecode.cpp.cpp; path = Integer.cpp; sourceTree = "<group>"; };
		7E4F5753149A1F4100A6DB0C /* Integer.h */ = {isa = PBXFileReference; fileEncoding = 4; lastKnownFileType = sourcecode.c.h; path = Integer.h; sourceTree = "<group>"; };
		7E4F5756149A220100A6DB0C /* Logic.h */ = {isa = PBXFileReference; fileEncoding = 4; lastKnownFileType = sourcecode.c.h; path = Logic.h; sourceTree = "<group>"; };
		7E4F5757149A221000A6DB0C /* Logic.cpp */ = {isa = PBXFileReference; fileEncoding = 4; lastKnownFileType = sourcecode.cpp.cpp; path = Logic.cpp; sourceTree = "<group>"; };
		7E4F5759149A2DAA00A6DB0C /* Table.h */ = {isa = PBXFileReference; fileEncoding = 4; lastKnownFileType = sourcecode.c.h; path = Table.h; sourceTree = "<group>"; };
		7E4F575A149A2DBA00A6DB0C /* Table.cpp */ = {isa = PBXFileReference; fileEncoding = 4; lastKnownFileType = sourcecode.cpp.cpp; path = Table.cpp; sourceTree = "<group>"; };
		7E4F575C149A2F0300A6DB0C /* Number.h */ = {isa = PBXFileReference; fileEncoding = 4; lastKnownFileType = sourcecode.c.h; path = Number.h; sourceTree = "<group>"; };
		7E4F575D149A2F1900A6DB0C /* Number.cpp */ = {isa = PBXFileReference; fileEncoding = 4; lastKnownFileType = sourcecode.cpp.cpp; path = Number.cpp; sourceTree = "<group>"; };
		7E4F5772149E136000A6DB0C /* Number.h */ = {isa = PBXFileReference; fileEncoding = 4; lastKnownFileType = sourcecode.c.h; path = Number.h; sourceTree = "<group>"; };
		7E4F5773149E137000A6DB0C /* Number.cpp */ = {isa = PBXFileReference; fileEncoding = 4; lastKnownFileType = sourcecode.cpp.cpp; path = Number.cpp; sourceTree = "<group>"; };
		7E5405A511ED518400F8898D /* Parser.h */ = {isa = PBXFileReference; fileEncoding = 4; lastKnownFileType = sourcecode.c.h; path = Parser.h; sourceTree = "<group>"; };
		7E5B6333148D7E9100027AF5 /* Reference.h */ = {isa = PBXFileReference; fileEncoding = 4; lastKnownFileType = sourcecode.c.h; path = Reference.h; sourceTree = "<group>"; };
		7E5B6334148D7E9100027AF5 /* Reference.cpp */ = {isa = PBXFileReference; fileEncoding = 4; lastKnownFileType = sourcecode.cpp.cpp; path = Reference.cpp; sourceTree = "<group>"; };
		7E5B635A148E4D8D00027AF5 /* Blocks.txt */ = {isa = PBXFileReference; fileEncoding = 4; lastKnownFileType = text; path = Blocks.txt; sourceTree = "<group>"; };
		7E5B635B148E4D8D00027AF5 /* DerivedGeneralCategory.txt */ = {isa = PBXFileReference; fileEncoding = 4; lastKnownFileType = text; path = DerivedGeneralCategory.txt; sourceTree = "<group>"; };
		7E5B635C148E4D8D00027AF5 /* Scripts.txt */ = {isa = PBXFileReference; fileEncoding = 4; lastKnownFileType = text; path = Scripts.txt; sourceTree = "<group>"; };
		7E5B635D148E4D8D00027AF5 /* Unicode.cpp */ = {isa = PBXFileReference; fileEncoding = 4; lastKnownFileType = sourcecode.cpp.cpp; path = Unicode.cpp; sourceTree = "<group>"; };
		7E5B635E148E4D8D00027AF5 /* Unicode.h */ = {isa = PBXFileReference; fileEncoding = 4; lastKnownFileType = sourcecode.c.h; path = Unicode.h; sourceTree = "<group>"; };
		7E5B635F148E4D8D00027AF5 /* update.rb */ = {isa = PBXFileReference; fileEncoding = 4; lastKnownFileType = text.script.ruby; path = update.rb; sourceTree = "<group>"; };
		7E5B6361148E4D8D00027AF5 /* checked.h */ = {isa = PBXFileReference; fileEncoding = 4; lastKnownFileType = sourcecode.c.h; path = checked.h; sourceTree = "<group>"; };
		7E5B6362148E4D8D00027AF5 /* core.h */ = {isa = PBXFileReference; fileEncoding = 4; lastKnownFileType = sourcecode.c.h; path = core.h; sourceTree = "<group>"; };
		7E5B6363148E4D8D00027AF5 /* unchecked.h */ = {isa = PBXFileReference; fileEncoding = 4; lastKnownFileType = sourcecode.c.h; path = unchecked.h; sourceTree = "<group>"; };
		7E5B6364148E4D8D00027AF5 /* utf8.h */ = {isa = PBXFileReference; fileEncoding = 4; lastKnownFileType = sourcecode.c.h; path = utf8.h; sourceTree = "<group>"; };
		7E5B639D14962F0E00027AF5 /* ObjectAllocator.cpp */ = {isa = PBXFileReference; fileEncoding = 4; lastKnownFileType = sourcecode.cpp.cpp; path = ObjectAllocator.cpp; sourceTree = "<group>"; };
		7E5B639E14962F0E00027AF5 /* ObjectAllocator.h */ = {isa = PBXFileReference; fileEncoding = 4; lastKnownFileType = sourcecode.c.h; path = ObjectAllocator.h; sourceTree = "<group>"; };
		7E8799C511A4CDC700051ED4 /* Token.h */ = {isa = PBXFileReference; fileEncoding = 4; lastKnownFileType = sourcecode.c.h; path = Token.h; sourceTree = "<group>"; };
		7E8799C611A4CDC800051ED4 /* Token.cpp */ = {isa = PBXFileReference; fileEncoding = 4; lastKnownFileType = sourcecode.cpp.cpp; path = Token.cpp; sourceTree = "<group>"; };
		7EA0A13314CD894500B43C61 /* README.md */ = {isa = PBXFileReference; fileEncoding = 4; lastKnownFileType = text; path = README.md; sourceTree = "<group>"; };
		7EA65849129F59F2008ED798 /* System.h */ = {isa = PBXFileReference; fileEncoding = 4; lastKnownFileType = sourcecode.c.h; path = System.h; sourceTree = "<group>"; };
		7EA6584A129F59F2008ED798 /* System.cpp */ = {isa = PBXFileReference; fileEncoding = 4; lastKnownFileType = sourcecode.cpp.cpp; path = System.cpp; sourceTree = "<group>"; };
		7EA658C112A4A268008ED798 /* lib */ = {isa = PBXFileReference; lastKnownFileType = folder; path = lib; sourceTree = "<group>"; };
		7EA9757F12483FD20041AAB3 /* Array.h */ = {isa = PBXFileReference; fileEncoding = 4; lastKnownFileType = sourcecode.c.h; path = Array.h; sourceTree = "<group>"; };
		7EA9758012483FD20041AAB3 /* Array.cpp */ = {isa = PBXFileReference; fileEncoding = 4; lastKnownFileType = sourcecode.cpp.cpp; path = Array.cpp; sourceTree = "<group>"; };
		7EBE564F11F09DC2006C2044 /* Strings.h */ = {isa = PBXFileReference; fileEncoding = 4; lastKnownFileType = sourcecode.c.h; path = Strings.h; sourceTree = "<group>"; };
		7EBE565011F09DC2006C2044 /* Strings.cpp */ = {isa = PBXFileReference; fileEncoding = 4; lastKnownFileType = sourcecode.cpp.cpp; path = Strings.cpp; sourceTree = "<group>"; };
		7EC7BDEA123A9BAA0018AEA2 /* Expressions.h */ = {isa = PBXFileReference; fileEncoding = 4; lastKnownFileType = sourcecode.c.h; path = Expressions.h; sourceTree = "<group>"; };
		7EC7BDEB123A9BAA0018AEA2 /* Expressions.cpp */ = {isa = PBXFileReference; fileEncoding = 4; lastKnownFileType = sourcecode.cpp.cpp; path = Expressions.cpp; sourceTree = "<group>"; };
		7EF9002F143143940060A94D /* Lambda.h */ = {isa = PBXFileReference; fileEncoding = 4; lastKnownFileType = sourcecode.c.h; path = Lambda.h; sourceTree = "<group>"; };
		7EF90030143143A40060A94D /* Lambda.cpp */ = {isa = PBXFileReference; fileEncoding = 4; lastKnownFileType = sourcecode.cpp.cpp; path = Lambda.cpp; sourceTree = "<group>"; };
		8DD76FB20486AB0100D96B5E /* kai */ = {isa = PBXFileReference; explicitFileType = "compiled.mach-o.executable"; includeInIndex = 0; path = kai; sourceTree = BUILT_PRODUCTS_DIR; };
		C6A0FF2C0290799A04C91782 /* Kai.1 */ = {isa = PBXFileReference; lastKnownFileType = text.man; path = Kai.1; sourceTree = "<group>"; };
/* End PBXFileReference section */

/* Begin PBXFrameworksBuildPhase section */
		8DD76FAD0486AB0100D96B5E /* Frameworks */ = {
			isa = PBXFrameworksBuildPhase;
			buildActionMask = 2147483647;
			files = (
			);
			runOnlyForDeploymentPostprocessing = 0;
		};
/* End PBXFrameworksBuildPhase section */

/* Begin PBXGroup section */
		08FB7794FE84155DC02AAC07 /* Kai */ = {
			isa = PBXGroup;
			children = (
				7EA0A13314CD894500B43C61 /* README.md */,
				7EA658B612A4A254008ED798 /* Resources */,
				7E0E777411EAAE7F00A568DA /* base.xcconfig */,
				7E0E777F11EADB0E00A568DA /* kai.xcconfig */,
				08FB7795FE84155DC02AAC07 /* src */,
				C6A0FF2B0290797F04C91782 /* Documentation */,
				1AB674ADFE9D54B511CA2CBB /* Products */,
			);
			name = Kai;
			sourceTree = "<group>";
		};
		08FB7795FE84155DC02AAC07 /* src */ = {
			isa = PBXGroup;
			children = (
				7E3EA40A117F1A4400F6C40B /* Kai.h */,
				7E3EA40B117F1A4400F6C40B /* Kai.cpp */,
				7E3EA439117F1C7800F6C40B /* Ensure.h */,
				7E3EA43A117F1C7800F6C40B /* Ensure.cpp */,
				7E5B6333148D7E9100027AF5 /* Reference.h */,
				7E5B6334148D7E9100027AF5 /* Reference.cpp */,
				7E3EA3F9117F189A00F6C40B /* SourceCode.h */,
				7E3EA3FA117F189A00F6C40B /* SourceCode.cpp */,
				7E3EA3F6117F17FB00F6C40B /* Terminal.h */,
				7E3EA3F7117F17FB00F6C40B /* Terminal.cpp */,
				7E4F5751149A1F4100A6DB0C /* Math */,
				7E5B6359148E4D8C00027AF5 /* Unicode */,
				7E8799BF11A4CD8A00051ED4 /* Parser */,
				7E5B639C14962F0C00027AF5 /* Memory */,
				7E43E3EB14AA97F500CF7D30 /* Object.h */,
				7E43E3E914AA97E700CF7D30 /* Object.cpp */,
				7E4F5759149A2DAA00A6DB0C /* Table.h */,
				7E4F575A149A2DBA00A6DB0C /* Table.cpp */,
				7E43E3F014AABDBC00CF7D30 /* Cell.h */,
				7E43E3F114AABDC800CF7D30 /* Cell.cpp */,
				7E43E3EF14AAA5BB00CF7D30 /* Symbol.h */,
				7E43E3ED14AAA5AF00CF7D30 /* Symbol.cpp */,
				7E33117B11732F0D00DC72B5 /* Frame.h */,
				7E33117C11732F0D00DC72B5 /* Frame.cpp */,
				7E43E3F914ABFD3000CF7D30 /* String.h */,
				7E43E3FA14ABFD3E00CF7D30 /* String.cpp */,
				7E33136C1174388400DC72B5 /* Exception.h */,
				7E33136D1174388400DC72B5 /* Exception.cpp */,
				7E4F575C149A2F0300A6DB0C /* Number.h */,
				7E4F575D149A2F1900A6DB0C /* Number.cpp */,
				7EF9002F143143940060A94D /* Lambda.h */,
				7EF90030143143A40060A94D /* Lambda.cpp */,
				7EA9757F12483FD20041AAB3 /* Array.h */,
				7EA9758012483FD20041AAB3 /* Array.cpp */,
				7EA65849129F59F2008ED798 /* System.h */,
				7EA6584A129F59F2008ED798 /* System.cpp */,
				7E331238117356BA00DC72B5 /* Function.h */,
				7E331239117356BA00DC72B5 /* Function.cpp */,
				7EC7BDEA123A9BAA0018AEA2 /* Expressions.h */,
				7EC7BDEB123A9BAA0018AEA2 /* Expressions.cpp */,
				7E4F5756149A220100A6DB0C /* Logic.h */,
				7E4F5757149A221000A6DB0C /* Logic.cpp */,
				08FB7796FE84155DC02AAC07 /* main.cpp */,
				7E0E770311E8A67B00A568DA /* notes.txt */,
			);
			path = src;
			sourceTree = "<group>";
		};
		1AB674ADFE9D54B511CA2CBB /* Products */ = {
			isa = PBXGroup;
			children = (
				8DD76FB20486AB0100D96B5E /* kai */,
			);
			name = Products;
			sourceTree = "<group>";
		};
		7E4F5751149A1F4100A6DB0C /* Math */ = {
			isa = PBXGroup;
			children = (
				7E4F5753149A1F4100A6DB0C /* Integer.h */,
				7E4F5752149A1F4100A6DB0C /* Integer.cpp */,
				7E4F5772149E136000A6DB0C /* Number.h */,
				7E4F5773149E137000A6DB0C /* Number.cpp */,
			);
			path = Math;
			sourceTree = "<group>";
		};
		7E5B6359148E4D8C00027AF5 /* Unicode */ = {
			isa = PBXGroup;
			children = (
				7E5B635A148E4D8D00027AF5 /* Blocks.txt */,
				7E5B635B148E4D8D00027AF5 /* DerivedGeneralCategory.txt */,
				7E5B635C148E4D8D00027AF5 /* Scripts.txt */,
				7E5B635E148E4D8D00027AF5 /* Unicode.h */,
				7E5B635D148E4D8D00027AF5 /* Unicode.cpp */,
				7E5B635F148E4D8D00027AF5 /* update.rb */,
				7E5B6360148E4D8D00027AF5 /* utf8 */,
				7E5B6364148E4D8D00027AF5 /* utf8.h */,
			);
			path = Unicode;
			sourceTree = "<group>";
		};
		7E5B6360148E4D8D00027AF5 /* utf8 */ = {
			isa = PBXGroup;
			children = (
				7E5B6361148E4D8D00027AF5 /* checked.h */,
				7E5B6362148E4D8D00027AF5 /* core.h */,
				7E5B6363148E4D8D00027AF5 /* unchecked.h */,
			);
			path = utf8;
			sourceTree = "<group>";
		};
		7E5B639C14962F0C00027AF5 /* Memory */ = {
			isa = PBXGroup;
			children = (
				7E5B639E14962F0E00027AF5 /* ObjectAllocator.h */,
				7E5B639D14962F0E00027AF5 /* ObjectAllocator.cpp */,
				7E43E3F314ABD64000CF7D30 /* Collector.h */,
				7E43E3F414ABD64900CF7D30 /* Collector.cpp */,
				7E43E3F614ABF07E00CF7D30 /* ManagedObject.h */,
				7E43E3F714ABF08B00CF7D30 /* ManagedObject.cpp */,
			);
			path = Memory;
			sourceTree = "<group>";
		};
		7E8799BF11A4CD8A00051ED4 /* Parser */ = {
			isa = PBXGroup;
			children = (
				7E8799C511A4CDC700051ED4 /* Token.h */,
				7E8799C611A4CDC800051ED4 /* Token.cpp */,
				7E5405A511ED518400F8898D /* Parser.h */,
				7E4A1F9411CA26520066C220 /* Parser.cpp */,
				7EBE564F11F09DC2006C2044 /* Strings.h */,
				7EBE565011F09DC2006C2044 /* Strings.cpp */,
			);
			path = Parser;
			sourceTree = "<group>";
		};
		7EA658B612A4A254008ED798 /* Resources */ = {
			isa = PBXGroup;
			children = (
				7EA658C112A4A268008ED798 /* lib */,
			);
			name = Resources;
			sourceTree = "<group>";
		};
		C6A0FF2B0290797F04C91782 /* Documentation */ = {
			isa = PBXGroup;
			children = (
				C6A0FF2C0290799A04C91782 /* Kai.1 */,
			);
			name = Documentation;
			sourceTree = "<group>";
		};
/* End PBXGroup section */

/* Begin PBXNativeTarget section */
		8DD76FA90486AB0100D96B5E /* Kai Interpreter */ = {
			isa = PBXNativeTarget;
			buildConfigurationList = 1DEB928508733DD80010E9CD /* Build configuration list for PBXNativeTarget "Kai Interpreter" */;
			buildPhases = (
				8DD76FAB0486AB0100D96B5E /* Sources */,
				8DD76FAD0486AB0100D96B5E /* Frameworks */,
				8DD76FAF0486AB0100D96B5E /* CopyFiles */,
				7EA658DA12A4A39D008ED798 /* CopyFiles */,
			);
			buildRules = (
				7E330B46116B1A2B00DC72B5 /* PBXBuildRule */,
			);
			dependencies = (
			);
			name = "Kai Interpreter";
			productInstallPath = "$(HOME)/bin";
			productName = Kai;
			productReference = 8DD76FB20486AB0100D96B5E /* kai */;
			productType = "com.apple.product-type.tool";
		};
/* End PBXNativeTarget section */

/* Begin PBXProject section */
		08FB7793FE84155DC02AAC07 /* Project object */ = {
			isa = PBXProject;
			attributes = {
				LastUpgradeCheck = 0420;
			};
			buildConfigurationList = 1DEB928908733DD80010E9CD /* Build configuration list for PBXProject "Kai" */;
			compatibilityVersion = "Xcode 3.2";
			developmentRegion = English;
			hasScannedForEncodings = 1;
			knownRegions = (
				English,
				Japanese,
				French,
				German,
			);
			mainGroup = 08FB7794FE84155DC02AAC07 /* Kai */;
			projectDirPath = "";
			projectRoot = "";
			targets = (
				8DD76FA90486AB0100D96B5E /* Kai Interpreter */,
			);
		};
/* End PBXProject section */

/* Begin PBXSourcesBuildPhase section */
		8DD76FAB0486AB0100D96B5E /* Sources */ = {
			isa = PBXSourcesBuildPhase;
			buildActionMask = 2147483647;
			files = (
				8DD76FAC0486AB0100D96B5E /* main.cpp in Sources */,
				7E33117D11732F0D00DC72B5 /* Frame.cpp in Sources */,
				7E33123A117356BA00DC72B5 /* Function.cpp in Sources */,
				7E33136E1174388400DC72B5 /* Exception.cpp in Sources */,
				7E3EA3F8117F17FB00F6C40B /* Terminal.cpp in Sources */,
				7E3EA3FB117F189A00F6C40B /* SourceCode.cpp in Sources */,
				7E3EA40C117F1A4400F6C40B /* Kai.cpp in Sources */,
				7E3EA43B117F1C7800F6C40B /* Ensure.cpp in Sources */,
				7E8799C911A4CDC800051ED4 /* Token.cpp in Sources */,
				7E5405A311ED517A00F8898D /* Parser.cpp in Sources */,
				7EBE565111F09DC2006C2044 /* Strings.cpp in Sources */,
				7EC7BDEC123A9BAA0018AEA2 /* Expressions.cpp in Sources */,
				7EC49DEF129E75CA006F7B90 /* Array.cpp in Sources */,
				7EA6584B129F59F2008ED798 /* System.cpp in Sources */,
				7EF90031143143A40060A94D /* Lambda.cpp in Sources */,
				7E5B6335148D7E9100027AF5 /* Reference.cpp in Sources */,
				7E5B6365148E4D8D00027AF5 /* Unicode.cpp in Sources */,
				7E5B639F14962F0E00027AF5 /* ObjectAllocator.cpp in Sources */,
				7E4F5754149A1F4100A6DB0C /* Integer.cpp in Sources */,
				7E4F5758149A221000A6DB0C /* Logic.cpp in Sources */,
				7E4F575B149A2DBB00A6DB0C /* Table.cpp in Sources */,
				7E4F575E149A2F1900A6DB0C /* Number.cpp in Sources */,
				7E4F5774149E137000A6DB0C /* Number.cpp in Sources */,
				7E43E3EA14AA97E700CF7D30 /* Object.cpp in Sources */,
				7E43E3EE14AAA5AF00CF7D30 /* Symbol.cpp in Sources */,
				7E43E3F214AABDC800CF7D30 /* Cell.cpp in Sources */,
				7E43E3F514ABD64900CF7D30 /* Collector.cpp in Sources */,
				7E43E3F814ABF08B00CF7D30 /* ManagedObject.cpp in Sources */,
				7E43E3FB14ABFD3F00CF7D30 /* String.cpp in Sources */,
			);
			runOnlyForDeploymentPostprocessing = 0;
		};
/* End PBXSourcesBuildPhase section */

/* Begin XCBuildConfiguration section */
		1DEB928608733DD80010E9CD /* Debug */ = {
			isa = XCBuildConfiguration;
			baseConfigurationReference = 7E0E777F11EADB0E00A568DA /* kai.xcconfig */;
			buildSettings = {
				ALWAYS_SEARCH_USER_PATHS = NO;
				CLANG_CXX_LANGUAGE_STANDARD = "gnu++0x";
				CLANG_CXX_LIBRARY = "libc++";
				COPY_PHASE_STRIP = NO;
				GCC_OPTIMIZATION_LEVEL = 0;
				GCC_VERSION = com.apple.compilers.llvm.clang.1_0;
				INSTALL_PATH = /usr/local/bin;
			};
			name = Debug;
		};
		1DEB928708733DD80010E9CD /* Release */ = {
			isa = XCBuildConfiguration;
			baseConfigurationReference = 7E0E777F11EADB0E00A568DA /* kai.xcconfig */;
			buildSettings = {
				ALWAYS_SEARCH_USER_PATHS = NO;
				CLANG_CXX_LANGUAGE_STANDARD = "gnu++0x";
				CLANG_CXX_LIBRARY = "libc++";
				DEBUG_INFORMATION_FORMAT = "dwarf-with-dsym";
				GCC_VERSION = com.apple.compilers.llvm.clang.1_0;
				INSTALL_PATH = /usr/local/bin;
			};
			name = Release;
		};
		1DEB928A08733DD80010E9CD /* Debug */ = {
			isa = XCBuildConfiguration;
			buildSettings = {
				ARCHS = "$(ARCHS_STANDARD_32_64_BIT)";
				GCC_C_LANGUAGE_STANDARD = gnu99;
				GCC_OPTIMIZATION_LEVEL = 0;
				GCC_WARN_ABOUT_RETURN_TYPE = YES;
				GCC_WARN_NON_VIRTUAL_DESTRUCTOR = YES;
				GCC_WARN_PEDANTIC = YES;
				GCC_WARN_UNINITIALIZED_AUTOS = YES;
				GCC_WARN_UNUSED_VARIABLE = YES;
				HEADER_SEARCH_PATHS = /opt/local/include;
				ONLY_ACTIVE_ARCH = YES;
				SDKROOT = "";
				USER_HEADER_SEARCH_PATHS = "";
			};
			name = Debug;
		};
		1DEB928B08733DD80010E9CD /* Release */ = {
			isa = XCBuildConfiguration;
			buildSettings = {
				ARCHS = "$(ARCHS_STANDARD_32_64_BIT)";
				GCC_C_LANGUAGE_STANDARD = gnu99;
				GCC_WARN_ABOUT_RETURN_TYPE = YES;
				GCC_WARN_NON_VIRTUAL_DESTRUCTOR = YES;
				GCC_WARN_PEDANTIC = YES;
				GCC_WARN_UNINITIALIZED_AUTOS = YES;
				GCC_WARN_UNUSED_VARIABLE = YES;
				HEADER_SEARCH_PATHS = /opt/local/include;
				SDKROOT = "";
				USER_HEADER_SEARCH_PATHS = "";
			};
			name = Release;
		};
/* End XCBuildConfiguration section */

/* Begin XCConfigurationList section */
		1DEB928508733DD80010E9CD /* Build configuration list for PBXNativeTarget "Kai Interpreter" */ = {
			isa = XCConfigurationList;
			buildConfigurations = (
				1DEB928608733DD80010E9CD /* Debug */,
				1DEB928708733DD80010E9CD /* Release */,
			);
			defaultConfigurationIsVisible = 0;
			defaultConfigurationName = Release;
		};
		1DEB928908733DD80010E9CD /* Build configuration list for PBXProject "Kai" */ = {
			isa = XCConfigurationList;
			buildConfigurations = (
				1DEB928A08733DD80010E9CD /* Debug */,
				1DEB928B08733DD80010E9CD /* Release */,
			);
			defaultConfigurationIsVisible = 0;
			defaultConfigurationName = Release;
		};
/* End XCConfigurationList section */
	};
	rootObject = 08FB7793FE84155DC02AAC07 /* Project object */;
}
